
Microsoft Visual Studio Solution File, Format Version 12.00
# Visual Studio Version 17
VisualStudioVersion = 17.2.32602.215
MinimumVisualStudioVersion = 10.0.40219.1
Project("{9A19103F-16F7-4668-BE54-9A1E7A4F7556}") = "JWTLOGINAPI", "JWTLOGINAPI\JWTLOGINAPI.csproj", "{8A35A76F-D330-4DE7-A08A-69C496CA11B2}"
EndProject
Project("{FAE04EC0-301F-11D3-BF4B-00C04F79EFBC}") = "WEBLOGIN", "WEBLOGIN\WEBLOGIN.csproj", "{444366C5-4A12-46E8-B6CA-EF84445EB537}"
EndProject
Global
	GlobalSection(SolutionConfigurationPlatforms) = preSolution
		Debug|Any CPU = Debug|Any CPU
		Release|Any CPU = Release|Any CPU
	EndGlobalSection
	GlobalSection(ProjectConfigurationPlatforms) = postSolution
		{8A35A76F-D330-4DE7-A08A-69C496CA11B2}.Debug|Any CPU.ActiveCfg = Debug|Any CPU
		{8A35A76F-D330-4DE7-A08A-69C496CA11B2}.Debug|Any CPU.Build.0 = Debug|Any CPU
		{8A35A76F-D330-4DE7-A08A-69C496CA11B2}.Release|Any CPU.ActiveCfg = Release|Any CPU
		{8A35A76F-D330-4DE7-A08A-69C496CA11B2}.Release|Any CPU.Build.0 = Release|Any CPU
		{444366C5-4A12-46E8-B6CA-EF84445EB537}.Debug|Any CPU.ActiveCfg = Debug|Any CPU
		{444366C5-4A12-46E8-B6CA-EF84445EB537}.Debug|Any CPU.Build.0 = Debug|Any CPU
		{444366C5-4A12-46E8-B6CA-EF84445EB537}.Release|Any CPU.ActiveCfg = Release|Any CPU
		{444366C5-4A12-46E8-B6CA-EF84445EB537}.Release|Any CPU.Build.0 = Release|Any CPU
	EndGlobalSection
	GlobalSection(SolutionProperties) = preSolution
		HideSolutionNode = FALSE
	EndGlobalSection
	GlobalSection(ExtensibilityGlobals) = postSolution
		SolutionGuid = {64572C2E-47AA-4565-A1E9-7D8907299CFD}
	EndGlobalSection
EndGlobal
